
Microsoft Visual Studio Solution File, Format Version 12.00
# Visual Studio Version 17
VisualStudioVersion = 17.5.33530.505
MinimumVisualStudioVersion = 10.0.40219.1
Project("{FAE04EC0-301F-11D3-BF4B-00C04F79EFBC}") = "MVC", "MVC\MVC.csproj", "{2FCA9081-79B4-425A-8A54-A433B2B85DB4}"
EndProject
Project("{2150E333-8FDC-42A3-9474-1A3956D46DE8}") = "Solution Items", "Solution Items", "{4291AF0B-66C5-4E7C-98F7-3C4ABEB834CB}"
	ProjectSection(SolutionItems) = preProject
		ReadMe.txt = ReadMe.txt
	EndProjectSection
EndProject
Project("{FAE04EC0-301F-11D3-BF4B-00C04F79EFBC}") = "AppCore", "AppCore\AppCore.csproj", "{F0A22A40-AE6B-402A-9004-8428196901C5}"
EndProject
Global
	GlobalSection(SolutionConfigurationPlatforms) = preSolution
		Debug|Any CPU = Debug|Any CPU
		Release|Any CPU = Release|Any CPU
	EndGlobalSection
	GlobalSection(ProjectConfigurationPlatforms) = postSolution
		{2FCA9081-79B4-425A-8A54-A433B2B85DB4}.Debug|Any CPU.ActiveCfg = Debug|Any CPU
		{2FCA9081-79B4-425A-8A54-A433B2B85DB4}.Debug|Any CPU.Build.0 = Debug|Any CPU
		{2FCA9081-79B4-425A-8A54-A433B2B85DB4}.Release|Any CPU.ActiveCfg = Release|Any CPU
		{2FCA9081-79B4-425A-8A54-A433B2B85DB4}.Release|Any CPU.Build.0 = Release|Any CPU
		{F0A22A40-AE6B-402A-9004-8428196901C5}.Debug|Any CPU.ActiveCfg = Debug|Any CPU
		{F0A22A40-AE6B-402A-9004-8428196901C5}.Debug|Any CPU.Build.0 = Debug|Any CPU
		{F0A22A40-AE6B-402A-9004-8428196901C5}.Release|Any CPU.ActiveCfg = Release|Any CPU
		{F0A22A40-AE6B-402A-9004-8428196901C5}.Release|Any CPU.Build.0 = Release|Any CPU
	EndGlobalSection
	GlobalSection(SolutionProperties) = preSolution
		HideSolutionNode = FALSE
	EndGlobalSection
	GlobalSection(ExtensibilityGlobals) = postSolution
		SolutionGuid = {DB6E99EE-6494-4BF8-9201-4F71B112B362}
	EndGlobalSection
EndGlobal
